
Microsoft Visual Studio Solution File, Format Version 12.00
# Visual Studio 15
VisualStudioVersion = 15.0.28307.106
MinimumVisualStudioVersion = 10.0.40219.1
Project("{FAE04EC0-301F-11D3-BF4B-00C04F79EFBC}") = "MagicOnionInDocker.ServiceDefinition", "MagicOnionInDocker.ServiceDefinition\MagicOnionInDocker.ServiceDefinition.csproj", "{8BCC3D3A-ED50-4DCB-9407-529CED214B83}"
EndProject
Project("{FAE04EC0-301F-11D3-BF4B-00C04F79EFBC}") = "MagicOnionInDocker.Server", "MagicOnionInDocker.Server\MagicOnionInDocker.Server.csproj", "{5AD36EA9-62ED-4501-ACED-72BBAC2D6100}"
EndProject
Project("{FAE04EC0-301F-11D3-BF4B-00C04F79EFBC}") = "MagicOnionInDocker.HttpGateway", "MagicOnionInDocker.HttpGateway\MagicOnionInDocker.HttpGateway.csproj", "{A28FF46C-A611-436A-898A-D7AA7DC55FE5}"
EndProject
Global
	GlobalSection(SolutionConfigurationPlatforms) = preSolution
		Debug|Any CPU = Debug|Any CPU
		Release|Any CPU = Release|Any CPU
	EndGlobalSection
	GlobalSection(ProjectConfigurationPlatforms) = postSolution
		{8BCC3D3A-ED50-4DCB-9407-529CED214B83}.Debug|Any CPU.ActiveCfg = Debug|Any CPU
		{8BCC3D3A-ED50-4DCB-9407-529CED214B83}.Debug|Any CPU.Build.0 = Debug|Any CPU
		{8BCC3D3A-ED50-4DCB-9407-529CED214B83}.Release|Any CPU.ActiveCfg = Release|Any CPU
		{8BCC3D3A-ED50-4DCB-9407-529CED214B83}.Release|Any CPU.Build.0 = Release|Any CPU
		{5AD36EA9-62ED-4501-ACED-72BBAC2D6100}.Debug|Any CPU.ActiveCfg = Debug|Any CPU
		{5AD36EA9-62ED-4501-ACED-72BBAC2D6100}.Debug|Any CPU.Build.0 = Debug|Any CPU
		{5AD36EA9-62ED-4501-ACED-72BBAC2D6100}.Release|Any CPU.ActiveCfg = Release|Any CPU
		{5AD36EA9-62ED-4501-ACED-72BBAC2D6100}.Release|Any CPU.Build.0 = Release|Any CPU
		{A28FF46C-A611-436A-898A-D7AA7DC55FE5}.Debug|Any CPU.ActiveCfg = Debug|Any CPU
		{A28FF46C-A611-436A-898A-D7AA7DC55FE5}.Debug|Any CPU.Build.0 = Debug|Any CPU
		{A28FF46C-A611-436A-898A-D7AA7DC55FE5}.Release|Any CPU.ActiveCfg = Release|Any CPU
		{A28FF46C-A611-436A-898A-D7AA7DC55FE5}.Release|Any CPU.Build.0 = Release|Any CPU
	EndGlobalSection
	GlobalSection(SolutionProperties) = preSolution
		HideSolutionNode = FALSE
	EndGlobalSection
	GlobalSection(ExtensibilityGlobals) = postSolution
		SolutionGuid = {E71841B0-DA9F-4D66-8267-ECC5195C5108}
	EndGlobalSection
EndGlobal
